
Microsoft Visual Studio Solution File, Format Version 12.00
# Visual Studio Version 17
VisualStudioVersion = 17.8.34322.80
MinimumVisualStudioVersion = 10.0.40219.1
Project("{778DAE3C-4631-46EA-AA77-85C1314464D9}") = "VBCrm", "VBCrm\VBCrm.vbproj", "{2507B842-4218-4C64-9C6D-177882FE5A82}"
EndProject
Project("{2150E333-8FDC-42A3-9474-1A3956D46DE8}") = "Solution Items", "Solution Items", "{EE399741-B777-4C4D-835D-6E0D78909DA4}"
EndProject
Project("{840C416C-B8F3-42BC-B0DD-F6BB14C9F8CB}") = "VBCrmSetup", "VBCrmSetup\VBCrmSetup.aiproj", "{E5B05CD7-6A06-4578-AE17-A7C3EBBBEBFC}"
EndProject
Global
	GlobalSection(SolutionConfigurationPlatforms) = preSolution
		All|Any CPU = All|Any CPU
		All|ARM = All|ARM
		All|ARM64 = All|ARM64
		All|x64 = All|x64
		All|x86 = All|x86
		Debug|Any CPU = Debug|Any CPU
		Debug|ARM = Debug|ARM
		Debug|ARM64 = Debug|ARM64
		Debug|x64 = Debug|x64
		Debug|x86 = Debug|x86
		DefaultBuild|Any CPU = DefaultBuild|Any CPU
		DefaultBuild|ARM = DefaultBuild|ARM
		DefaultBuild|ARM64 = DefaultBuild|ARM64
		DefaultBuild|x64 = DefaultBuild|x64
		DefaultBuild|x86 = DefaultBuild|x86
		Release|Any CPU = Release|Any CPU
		Release|ARM = Release|ARM
		Release|ARM64 = Release|ARM64
		Release|x64 = Release|x64
		Release|x86 = Release|x86
	EndGlobalSection
	GlobalSection(ProjectConfigurationPlatforms) = postSolution
		{2507B842-4218-4C64-9C6D-177882FE5A82}.All|Any CPU.ActiveCfg = Release|Any CPU
		{2507B842-4218-4C64-9C6D-177882FE5A82}.All|Any CPU.Build.0 = Release|Any CPU
		{2507B842-4218-4C64-9C6D-177882FE5A82}.All|ARM.ActiveCfg = Release|Any CPU
		{2507B842-4218-4C64-9C6D-177882FE5A82}.All|ARM.Build.0 = Release|Any CPU
		{2507B842-4218-4C64-9C6D-177882FE5A82}.All|ARM64.ActiveCfg = Release|Any CPU
		{2507B842-4218-4C64-9C6D-177882FE5A82}.All|ARM64.Build.0 = Release|Any CPU
		{2507B842-4218-4C64-9C6D-177882FE5A82}.All|x64.ActiveCfg = Release|Any CPU
		{2507B842-4218-4C64-9C6D-177882FE5A82}.All|x64.Build.0 = Release|Any CPU
		{2507B842-4218-4C64-9C6D-177882FE5A82}.All|x86.ActiveCfg = Release|Any CPU
		{2507B842-4218-4C64-9C6D-177882FE5A82}.All|x86.Build.0 = Release|Any CPU
		{2507B842-4218-4C64-9C6D-177882FE5A82}.Debug|Any CPU.ActiveCfg = Debug|Any CPU
		{2507B842-4218-4C64-9C6D-177882FE5A82}.Debug|Any CPU.Build.0 = Debug|Any CPU
		{2507B842-4218-4C64-9C6D-177882FE5A82}.Debug|ARM.ActiveCfg = Debug|Any CPU
		{2507B842-4218-4C64-9C6D-177882FE5A82}.Debug|ARM.Build.0 = Debug|Any CPU
		{2507B842-4218-4C64-9C6D-177882FE5A82}.Debug|ARM64.ActiveCfg = Debug|Any CPU
		{2507B842-4218-4C64-9C6D-177882FE5A82}.Debug|ARM64.Build.0 = Debug|Any CPU
		{2507B842-4218-4C64-9C6D-177882FE5A82}.Debug|x64.ActiveCfg = Debug|Any CPU
		{2507B842-4218-4C64-9C6D-177882FE5A82}.Debug|x64.Build.0 = Debug|Any CPU
		{2507B842-4218-4C64-9C6D-177882FE5A82}.Debug|x86.ActiveCfg = Debug|Any CPU
		{2507B842-4218-4C64-9C6D-177882FE5A82}.Debug|x86.Build.0 = Debug|Any CPU
		{2507B842-4218-4C64-9C6D-177882FE5A82}.DefaultBuild|Any CPU.ActiveCfg = Debug|Any CPU
		{2507B842-4218-4C64-9C6D-177882FE5A82}.DefaultBuild|Any CPU.Build.0 = Debug|Any CPU
		{2507B842-4218-4C64-9C6D-177882FE5A82}.DefaultBuild|ARM.ActiveCfg = Debug|Any CPU
		{2507B842-4218-4C64-9C6D-177882FE5A82}.DefaultBuild|ARM.Build.0 = Debug|Any CPU
		{2507B842-4218-4C64-9C6D-177882FE5A82}.DefaultBuild|ARM64.ActiveCfg = Debug|Any CPU
		{2507B842-4218-4C64-9C6D-177882FE5A82}.DefaultBuild|ARM64.Build.0 = Debug|Any CPU
		{2507B842-4218-4C64-9C6D-177882FE5A82}.DefaultBuild|x64.ActiveCfg = Debug|Any CPU
		{2507B842-4218-4C64-9C6D-177882FE5A82}.DefaultBuild|x64.Build.0 = Debug|Any CPU
		{2507B842-4218-4C64-9C6D-177882FE5A82}.DefaultBuild|x86.ActiveCfg = Debug|Any CPU
		{2507B842-4218-4C64-9C6D-177882FE5A82}.DefaultBuild|x86.Build.0 = Debug|Any CPU
		{2507B842-4218-4C64-9C6D-177882FE5A82}.Release|Any CPU.ActiveCfg = Release|Any CPU
		{2507B842-4218-4C64-9C6D-177882FE5A82}.Release|Any CPU.Build.0 = Release|Any CPU
		{2507B842-4218-4C64-9C6D-177882FE5A82}.Release|ARM.ActiveCfg = Release|Any CPU
		{2507B842-4218-4C64-9C6D-177882FE5A82}.Release|ARM.Build.0 = Release|Any CPU
		{2507B842-4218-4C64-9C6D-177882FE5A82}.Release|ARM64.ActiveCfg = Release|Any CPU
		{2507B842-4218-4C64-9C6D-177882FE5A82}.Release|ARM64.Build.0 = Release|Any CPU
		{2507B842-4218-4C64-9C6D-177882FE5A82}.Release|x64.ActiveCfg = Release|Any CPU
		{2507B842-4218-4C64-9C6D-177882FE5A82}.Release|x64.Build.0 = Release|Any CPU
		{2507B842-4218-4C64-9C6D-177882FE5A82}.Release|x86.ActiveCfg = Release|Any CPU
		{2507B842-4218-4C64-9C6D-177882FE5A82}.Release|x86.Build.0 = Release|Any CPU
		{E5B05CD7-6A06-4578-AE17-A7C3EBBBEBFC}.All|Any CPU.ActiveCfg = DefaultBuild
		{E5B05CD7-6A06-4578-AE17-A7C3EBBBEBFC}.All|Any CPU.Build.0 = DefaultBuild
		{E5B05CD7-6A06-4578-AE17-A7C3EBBBEBFC}.All|ARM.ActiveCfg = DefaultBuild
		{E5B05CD7-6A06-4578-AE17-A7C3EBBBEBFC}.All|ARM.Build.0 = DefaultBuild
		{E5B05CD7-6A06-4578-AE17-A7C3EBBBEBFC}.All|ARM64.ActiveCfg = DefaultBuild
		{E5B05CD7-6A06-4578-AE17-A7C3EBBBEBFC}.All|ARM64.Build.0 = DefaultBuild
		{E5B05CD7-6A06-4578-AE17-A7C3EBBBEBFC}.All|x64.ActiveCfg = DefaultBuild
		{E5B05CD7-6A06-4578-AE17-A7C3EBBBEBFC}.All|x64.Build.0 = DefaultBuild
		{E5B05CD7-6A06-4578-AE17-A7C3EBBBEBFC}.All|x86.ActiveCfg = DefaultBuild
		{E5B05CD7-6A06-4578-AE17-A7C3EBBBEBFC}.All|x86.Build.0 = DefaultBuild
		{E5B05CD7-6A06-4578-AE17-A7C3EBBBEBFC}.Debug|Any CPU.ActiveCfg = DefaultBuild
		{E5B05CD7-6A06-4578-AE17-A7C3EBBBEBFC}.Debug|Any CPU.Build.0 = DefaultBuild
		{E5B05CD7-6A06-4578-AE17-A7C3EBBBEBFC}.Debug|ARM.ActiveCfg = DefaultBuild
		{E5B05CD7-6A06-4578-AE17-A7C3EBBBEBFC}.Debug|ARM.Build.0 = DefaultBuild
		{E5B05CD7-6A06-4578-AE17-A7C3EBBBEBFC}.Debug|ARM64.ActiveCfg = DefaultBuild
		{E5B05CD7-6A06-4578-AE17-A7C3EBBBEBFC}.Debug|ARM64.Build.0 = DefaultBuild
		{E5B05CD7-6A06-4578-AE17-A7C3EBBBEBFC}.Debug|x64.ActiveCfg = DefaultBuild
		{E5B05CD7-6A06-4578-AE17-A7C3EBBBEBFC}.Debug|x64.Build.0 = DefaultBuild
		{E5B05CD7-6A06-4578-AE17-A7C3EBBBEBFC}.Debug|x86.ActiveCfg = DefaultBuild
		{E5B05CD7-6A06-4578-AE17-A7C3EBBBEBFC}.Debug|x86.Build.0 = DefaultBuild
		{E5B05CD7-6A06-4578-AE17-A7C3EBBBEBFC}.DefaultBuild|Any CPU.ActiveCfg = DefaultBuild
		{E5B05CD7-6A06-4578-AE17-A7C3EBBBEBFC}.DefaultBuild|Any CPU.Build.0 = DefaultBuild
		{E5B05CD7-6A06-4578-AE17-A7C3EBBBEBFC}.DefaultBuild|ARM.ActiveCfg = DefaultBuild
		{E5B05CD7-6A06-4578-AE17-A7C3EBBBEBFC}.DefaultBuild|ARM.Build.0 = DefaultBuild
		{E5B05CD7-6A06-4578-AE17-A7C3EBBBEBFC}.DefaultBuild|ARM64.ActiveCfg = DefaultBuild
		{E5B05CD7-6A06-4578-AE17-A7C3EBBBEBFC}.DefaultBuild|ARM64.Build.0 = DefaultBuild
		{E5B05CD7-6A06-4578-AE17-A7C3EBBBEBFC}.DefaultBuild|x64.ActiveCfg = DefaultBuild
		{E5B05CD7-6A06-4578-AE17-A7C3EBBBEBFC}.DefaultBuild|x64.Build.0 = DefaultBuild
		{E5B05CD7-6A06-4578-AE17-A7C3EBBBEBFC}.DefaultBuild|x86.ActiveCfg = DefaultBuild
		{E5B05CD7-6A06-4578-AE17-A7C3EBBBEBFC}.DefaultBuild|x86.Build.0 = DefaultBuild
		{E5B05CD7-6A06-4578-AE17-A7C3EBBBEBFC}.Release|Any CPU.ActiveCfg = DefaultBuild
		{E5B05CD7-6A06-4578-AE17-A7C3EBBBEBFC}.Release|Any CPU.Build.0 = DefaultBuild
		{E5B05CD7-6A06-4578-AE17-A7C3EBBBEBFC}.Release|ARM.ActiveCfg = DefaultBuild
		{E5B05CD7-6A06-4578-AE17-A7C3EBBBEBFC}.Release|ARM.Build.0 = DefaultBuild
		{E5B05CD7-6A06-4578-AE17-A7C3EBBBEBFC}.Release|ARM64.ActiveCfg = DefaultBuild
		{E5B05CD7-6A06-4578-AE17-A7C3EBBBEBFC}.Release|ARM64.Build.0 = DefaultBuild
		{E5B05CD7-6A06-4578-AE17-A7C3EBBBEBFC}.Release|x64.ActiveCfg = DefaultBuild
		{E5B05CD7-6A06-4578-AE17-A7C3EBBBEBFC}.Release|x64.Build.0 = DefaultBuild
		{E5B05CD7-6A06-4578-AE17-A7C3EBBBEBFC}.Release|x86.ActiveCfg = DefaultBuild
		{E5B05CD7-6A06-4578-AE17-A7C3EBBBEBFC}.Release|x86.Build.0 = DefaultBuild
	EndGlobalSection
	GlobalSection(SolutionProperties) = preSolution
		HideSolutionNode = FALSE
	EndGlobalSection
	GlobalSection(ExtensibilityGlobals) = postSolution
		SolutionGuid = {7EE20F09-1C97-40DF-AC65-5373EB56BBA0}
	EndGlobalSection
EndGlobal
